
Microsoft Visual Studio Solution File, Format Version 12.00
# Visual Studio Version 16
VisualStudioVersion = 16.0.32002.261
MinimumVisualStudioVersion = 10.0.40219.1
Project("{FAE04EC0-301F-11D3-BF4B-00C04F79EFBC}") = "PentonixAssesment", "PentonixAssesment\PentonixAssesment.csproj", "{60495BE6-C2E0-493F-8969-98E7CC69E653}"
EndProject
Global
	GlobalSection(SolutionConfigurationPlatforms) = preSolution
		Debug|Any CPU = Debug|Any CPU
		Release|Any CPU = Release|Any CPU
	EndGlobalSection
	GlobalSection(ProjectConfigurationPlatforms) = postSolution
		{60495BE6-C2E0-493F-8969-98E7CC69E653}.Debug|Any CPU.ActiveCfg = Debug|Any CPU
		{60495BE6-C2E0-493F-8969-98E7CC69E653}.Debug|Any CPU.Build.0 = Debug|Any CPU
		{60495BE6-C2E0-493F-8969-98E7CC69E653}.Release|Any CPU.ActiveCfg = Release|Any CPU
		{60495BE6-C2E0-493F-8969-98E7CC69E653}.Release|Any CPU.Build.0 = Release|Any CPU
	EndGlobalSection
	GlobalSection(SolutionProperties) = preSolution
		HideSolutionNode = FALSE
	EndGlobalSection
	GlobalSection(ExtensibilityGlobals) = postSolution
		SolutionGuid = {01748E4E-9487-41CC-A173-0B6001C6BAD9}
	EndGlobalSection
EndGlobal
